{
  "requires": true,
  "lockfileVersion": 1,
  "dependencies": {
    "undici-types": {
      "version": "7.7.0",
      "resolved": "https://registry.npmjs.org/undici-types/-/undici-types-7.7.0.tgz",
      "integrity": "sha512-9zJ2zD8nHfvO3zn1Xm9seFc+ATCmdtcNc7umXyMk6xj9fp+COVCNlH3pq2ZrFLVaBKLDTlvXLTq88+knkNs+BQ=="
    }
  }
}
